
Microsoft Visual Studio Solution File, Format Version 12.00
# Visual Studio Version 16
VisualStudioVersion = 16.0.31702.278
MinimumVisualStudioVersion = 10.0.40219.1
Project("{FAE04EC0-301F-11D3-BF4B-00C04F79EFBC}") = "Lesson-4.1", "Lesson-4.1\Lesson-4.1.csproj", "{621A705B-6F7E-40D4-A0AA-F1B778AEAAE3}"
EndProject
Global
	GlobalSection(SolutionConfigurationPlatforms) = preSolution
		Debug|Any CPU = Debug|Any CPU
		Release|Any CPU = Release|Any CPU
	EndGlobalSection
	GlobalSection(ProjectConfigurationPlatforms) = postSolution
		{621A705B-6F7E-40D4-A0AA-F1B778AEAAE3}.Debug|Any CPU.ActiveCfg = Debug|Any CPU
		{621A705B-6F7E-40D4-A0AA-F1B778AEAAE3}.Debug|Any CPU.Build.0 = Debug|Any CPU
		{621A705B-6F7E-40D4-A0AA-F1B778AEAAE3}.Release|Any CPU.ActiveCfg = Release|Any CPU
		{621A705B-6F7E-40D4-A0AA-F1B778AEAAE3}.Release|Any CPU.Build.0 = Release|Any CPU
	EndGlobalSection
	GlobalSection(SolutionProperties) = preSolution
		HideSolutionNode = FALSE
	EndGlobalSection
	GlobalSection(ExtensibilityGlobals) = postSolution
		SolutionGuid = {E97F83AB-FC34-4B66-890F-CE9F8CAAC07C}
	EndGlobalSection
EndGlobal
