
Microsoft Visual Studio Solution File, Format Version 12.00
# Visual Studio Version 16
VisualStudioVersion = 16.0.31729.503
MinimumVisualStudioVersion = 10.0.40219.1
Project("{FAE04EC0-301F-11D3-BF4B-00C04F79EFBC}") = "BFS", "BFS\BFS.csproj", "{BF225E0F-C695-44F9-BB04-8B6B891CF279}"
EndProject
Global
	GlobalSection(SolutionConfigurationPlatforms) = preSolution
		Debug|Any CPU = Debug|Any CPU
		Release|Any CPU = Release|Any CPU
	EndGlobalSection
	GlobalSection(ProjectConfigurationPlatforms) = postSolution
		{BF225E0F-C695-44F9-BB04-8B6B891CF279}.Debug|Any CPU.ActiveCfg = Debug|Any CPU
		{BF225E0F-C695-44F9-BB04-8B6B891CF279}.Debug|Any CPU.Build.0 = Debug|Any CPU
		{BF225E0F-C695-44F9-BB04-8B6B891CF279}.Release|Any CPU.ActiveCfg = Release|Any CPU
		{BF225E0F-C695-44F9-BB04-8B6B891CF279}.Release|Any CPU.Build.0 = Release|Any CPU
	EndGlobalSection
	GlobalSection(SolutionProperties) = preSolution
		HideSolutionNode = FALSE
	EndGlobalSection
	GlobalSection(ExtensibilityGlobals) = postSolution
		SolutionGuid = {EE0977EF-958E-4976-ADEC-2214C7C70B87}
	EndGlobalSection
EndGlobal
