
Microsoft Visual Studio Solution File, Format Version 12.00
# Visual Studio Version 16
VisualStudioVersion = 16.0.31624.102
MinimumVisualStudioVersion = 10.0.40219.1
Project("{FAE04EC0-301F-11D3-BF4B-00C04F79EFBC}") = "Lesson-1.3", "Lesson-1.3\Lesson-1.3.csproj", "{7FD33CEB-BD97-487B-B564-50530A41A759}"
EndProject
Global
	GlobalSection(SolutionConfigurationPlatforms) = preSolution
		Debug|Any CPU = Debug|Any CPU
		Release|Any CPU = Release|Any CPU
	EndGlobalSection
	GlobalSection(ProjectConfigurationPlatforms) = postSolution
		{7FD33CEB-BD97-487B-B564-50530A41A759}.Debug|Any CPU.ActiveCfg = Debug|Any CPU
		{7FD33CEB-BD97-487B-B564-50530A41A759}.Debug|Any CPU.Build.0 = Debug|Any CPU
		{7FD33CEB-BD97-487B-B564-50530A41A759}.Release|Any CPU.ActiveCfg = Release|Any CPU
		{7FD33CEB-BD97-487B-B564-50530A41A759}.Release|Any CPU.Build.0 = Release|Any CPU
	EndGlobalSection
	GlobalSection(SolutionProperties) = preSolution
		HideSolutionNode = FALSE
	EndGlobalSection
	GlobalSection(ExtensibilityGlobals) = postSolution
		SolutionGuid = {11C01832-006C-44B6-AB57-72224923AABD}
	EndGlobalSection
EndGlobal
